// !$*UTF8*$!
{
	archiveVersion = 1;
	classes = {
	};
	objectVersion = 55;
	objects = {

/* Begin PBXBuildFile section */
		7DE10246300D6B0C1C185BD5 /* Pods_loginTests.framework in Frameworks */ = {isa = PBXBuildFile; fileRef = C0BEE9E63B206D09759FF7B4 /* Pods_loginTests.framework */; };
		A2AAFA4E283410DA003CC8A0 /* AppDelegate.swift in Sources */ = {isa = PBXBuildFile; fileRef = A2AAFA4D283410DA003CC8A0 /* AppDelegate.swift */; };
		A2AAFA50283410DA003CC8A0 /* SceneDelegate.swift in Sources */ = {isa = PBXBuildFile; fileRef = A2AAFA4F283410DA003CC8A0 /* SceneDelegate.swift */; };
		A2AAFA52283410DA003CC8A0 /* ViewController.swift in Sources */ = {isa = PBXBuildFile; fileRef = A2AAFA51283410DA003CC8A0 /* ViewController.swift */; };
		A2AAFA55283410DA003CC8A0 /* Main.storyboard in Resources */ = {isa = PBXBuildFile; fileRef = A2AAFA53283410DA003CC8A0 /* Main.storyboard */; };
		A2AAFA57283410DE003CC8A0 /* Assets.xcassets in Resources */ = {isa = PBXBuildFile; fileRef = A2AAFA56283410DE003CC8A0 /* Assets.xcassets */; };
		A2AAFA5A283410DE003CC8A0 /* LaunchScreen.storyboard in Resources */ = {isa = PBXBuildFile; fileRef = A2AAFA58283410DE003CC8A0 /* LaunchScreen.storyboard */; };
		A2AAFA65283410DE003CC8A0 /* loginTests.swift in Sources */ = {isa = PBXBuildFile; fileRef = A2AAFA64283410DE003CC8A0 /* loginTests.swift */; };
		A2AAFA6F283410DE003CC8A0 /* loginUITests.swift in Sources */ = {isa = PBXBuildFile; fileRef = A2AAFA6E283410DE003CC8A0 /* loginUITests.swift */; };
		A2AAFA71283410DE003CC8A0 /* loginUITestsLaunchTests.swift in Sources */ = {isa = PBXBuildFile; fileRef = A2AAFA70283410DE003CC8A0 /* loginUITestsLaunchTests.swift */; };
		CFC11938F3BB12CE0A7753C7 /* Pods_login.framework in Frameworks */ = {isa = PBXBuildFile; fileRef = D7FDE01D1249F38359557668 /* Pods_login.framework */; };
		FD0430510E5A67836CBCDD78 /* Pods_login_loginUITests.framework in Frameworks */ = {isa = PBXBuildFile; fileRef = 7FE25E922BFC3DF8F88C64DA /* Pods_login_loginUITests.framework */; };
/* End PBXBuildFile section */

/* Begin PBXContainerItemProxy section */
		A2AAFA61283410DE003CC8A0 /* PBXContainerItemProxy */ = {
			isa = PBXContainerItemProxy;
			containerPortal = A2AAFA42283410DA003CC8A0 /* Project object */;
			proxyType = 1;
			remoteGlobalIDString = A2AAFA49283410DA003CC8A0;
			remoteInfo = login;
		};
		A2AAFA6B283410DE003CC8A0 /* PBXContainerItemProxy */ = {
			isa = PBXContainerItemProxy;
			containerPortal = A2AAFA42283410DA003CC8A0 /* Project object */;
			proxyType = 1;
			remoteGlobalIDString = A2AAFA49283410DA003CC8A0;
			remoteInfo = login;
		};
/* End PBXContainerItemProxy section */

/* Begin PBXFileReference section */
		05D32AF8A8DBF5C943DBF3A1 /* Pods-loginTests.release.xcconfig */ = {isa = PBXFileReference; includeInIndex = 1; lastKnownFileType = text.xcconfig; name = "Pods-loginTests.release.xcconfig"; path = "Target Support Files/Pods-loginTests/Pods-loginTests.release.xcconfig"; sourceTree = "<group>"; };
		1CB87BBC04FEC1D0BFA332C9 /* Pods-login.release.xcconfig */ = {isa = PBXFileReference; includeInIndex = 1; lastKnownFileType = text.xcconfig; name = "Pods-login.release.xcconfig"; path = "Target Support Files/Pods-login/Pods-login.release.xcconfig"; sourceTree = "<group>"; };
		44A04246F2F888BE4C64B0F5 /* Pods-login-loginUITests.debug.xcconfig */ = {isa = PBXFileReference; includeInIndex = 1; lastKnownFileType = text.xcconfig; name = "Pods-login-loginUITests.debug.xcconfig"; path = "Target Support Files/Pods-login-loginUITests/Pods-login-loginUITests.debug.xcconfig"; sourceTree = "<group>"; };
		6DFDD8ADA7CAA015B3A6F374 /* Pods-login-loginUITests.release.xcconfig */ = {isa = PBXFileReference; includeInIndex = 1; lastKnownFileType = text.xcconfig; name = "Pods-login-loginUITests.release.xcconfig"; path = "Target Support Files/Pods-login-loginUITests/Pods-login-loginUITests.release.xcconfig"; sourceTree = "<group>"; };
		7FE25E922BFC3DF8F88C64DA /* Pods_login_loginUITests.framework */ = {isa = PBXFileReference; explicitFileType = wrapper.framework; includeInIndex = 0; path = Pods_login_loginUITests.framework; sourceTree = BUILT_PRODUCTS_DIR; };
		A2AAFA4A283410DA003CC8A0 /* login.app */ = {isa = PBXFileReference; explicitFileType = wrapper.application; includeInIndex = 0; path = login.app; sourceTree = BUILT_PRODUCTS_DIR; };
		A2AAFA4D283410DA003CC8A0 /* AppDelegate.swift */ = {isa = PBXFileReference; lastKnownFileType = sourcecode.swift; path = AppDelegate.swift; sourceTree = "<group>"; };
		A2AAFA4F283410DA003CC8A0 /* SceneDelegate.swift */ = {isa = PBXFileReference; lastKnownFileType = sourcecode.swift; path = SceneDelegate.swift; sourceTree = "<group>"; };
		A2AAFA51283410DA003CC8A0 /* ViewController.swift */ = {isa = PBXFileReference; lastKnownFileType = sourcecode.swift; path = ViewController.swift; sourceTree = "<group>"; };
		A2AAFA54283410DA003CC8A0 /* Base */ = {isa = PBXFileReference; lastKnownFileType = file.storyboard; name = Base; path = Base.lproj/Main.storyboard; sourceTree = "<group>"; };
		A2AAFA56283410DE003CC8A0 /* Assets.xcassets */ = {isa = PBXFileReference; lastKnownFileType = folder.assetcatalog; path = Assets.xcassets; sourceTree = "<group>"; };
		A2AAFA59283410DE003CC8A0 /* Base */ = {isa = PBXFileReference; lastKnownFileType = file.storyboard; name = Base; path = Base.lproj/LaunchScreen.storyboard; sourceTree = "<group>"; };
		A2AAFA5B283410DE003CC8A0 /* Info.plist */ = {isa = PBXFileReference; lastKnownFileType = text.plist.xml; path = Info.plist; sourceTree = "<group>"; };
		A2AAFA60283410DE003CC8A0 /* loginTests.xctest */ = {isa = PBXFileReference; explicitFileType = wrapper.cfbundle; includeInIndex = 0; path = loginTests.xctest; sourceTree = BUILT_PRODUCTS_DIR; };
		A2AAFA64283410DE003CC8A0 /* loginTests.swift */ = {isa = PBXFileReference; lastKnownFileType = sourcecode.swift; path = loginTests.swift; sourceTree = "<group>"; };
		A2AAFA6A283410DE003CC8A0 /* loginUITests.xctest */ = {isa = PBXFileReference; explicitFileType = wrapper.cfbundle; includeInIndex = 0; path = loginUITests.xctest; sourceTree = BUILT_PRODUCTS_DIR; };
		A2AAFA6E283410DE003CC8A0 /* loginUITests.swift */ = {isa = PBXFileReference; lastKnownFileType = sourcecode.swift; path = loginUITests.swift; sourceTree = "<group>"; };
		A2AAFA70283410DE003CC8A0 /* loginUITestsLaunchTests.swift */ = {isa = PBXFileReference; lastKnownFileType = sourcecode.swift; path = loginUITestsLaunchTests.swift; sourceTree = "<group>"; };
		C0BEE9E63B206D09759FF7B4 /* Pods_loginTests.framework */ = {isa = PBXFileReference; explicitFileType = wrapper.framework; includeInIndex = 0; path = Pods_loginTests.framework; sourceTree = BUILT_PRODUCTS_DIR; };
		D54BD31A5547BE336CE7B37D /* Pods-login.debug.xcconfig */ = {isa = PBXFileReference; includeInIndex = 1; lastKnownFileType = text.xcconfig; name = "Pods-login.debug.xcconfig"; path = "Target Support Files/Pods-login/Pods-login.debug.xcconfig"; sourceTree = "<group>"; };
		D7FDE01D1249F38359557668 /* Pods_login.framework */ = {isa = PBXFileReference; explicitFileType = wrapper.framework; includeInIndex = 0; path = Pods_login.framework; sourceTree = BUILT_PRODUCTS_DIR; };
		FF1F4951EB8843B0E65C5367 /* Pods-loginTests.debug.xcconfig */ = {isa = PBXFileReference; includeInIndex = 1; lastKnownFileType = text.xcconfig; name = "Pods-loginTests.debug.xcconfig"; path = "Target Support Files/Pods-loginTests/Pods-loginTests.debug.xcconfig"; sourceTree = "<group>"; };
/* End PBXFileReference section */

/* Begin PBXFrameworksBuildPhase section */
		A2AAFA47283410DA003CC8A0 /* Frameworks */ = {
			isa = PBXFrameworksBuildPhase;
			buildActionMask = 2147483647;
			files = (
				CFC11938F3BB12CE0A7753C7 /* Pods_login.framework in Frameworks */,
			);
			runOnlyForDeploymentPostprocessing = 0;
		};
		A2AAFA5D283410DE003CC8A0 /* Frameworks */ = {
			isa = PBXFrameworksBuildPhase;
			buildActionMask = 2147483647;
			files = (
				7DE10246300D6B0C1C185BD5 /* Pods_loginTests.framework in Frameworks */,
			);
			runOnlyForDeploymentPostprocessing = 0;
		};
		A2AAFA67283410DE003CC8A0 /* Frameworks */ = {
			isa = PBXFrameworksBuildPhase;
			buildActionMask = 2147483647;
			files = (
				FD0430510E5A67836CBCDD78 /* Pods_login_loginUITests.framework in Frameworks */,
			);
			runOnlyForDeploymentPostprocessing = 0;
		};
/* End PBXFrameworksBuildPhase section */

/* Begin PBXGroup section */
		4F7F0DF550A72DB1CFAB0479 /* Frameworks */ = {
			isa = PBXGroup;
			children = (
				D7FDE01D1249F38359557668 /* Pods_login.framework */,
				7FE25E922BFC3DF8F88C64DA /* Pods_login_loginUITests.framework */,
				C0BEE9E63B206D09759FF7B4 /* Pods_loginTests.framework */,
			);
			name = Frameworks;
			sourceTree = "<group>";
		};
		68DBD6D9681512461A819715 /* Pods */ = {
			isa = PBXGroup;
			children = (
				D54BD31A5547BE336CE7B37D /* Pods-login.debug.xcconfig */,
				1CB87BBC04FEC1D0BFA332C9 /* Pods-login.release.xcconfig */,
				44A04246F2F888BE4C64B0F5 /* Pods-login-loginUITests.debug.xcconfig */,
				6DFDD8ADA7CAA015B3A6F374 /* Pods-login-loginUITests.release.xcconfig */,
				FF1F4951EB8843B0E65C5367 /* Pods-loginTests.debug.xcconfig */,
				05D32AF8A8DBF5C943DBF3A1 /* Pods-loginTests.release.xcconfig */,
			);
			path = Pods;
			sourceTree = "<group>";
		};
		A2AAFA41283410DA003CC8A0 = {
			isa = PBXGroup;
			children = (
				A2AAFA4C283410DA003CC8A0 /* login */,
				A2AAFA63283410DE003CC8A0 /* loginTests */,
				A2AAFA6D283410DE003CC8A0 /* loginUITests */,
				A2AAFA4B283410DA003CC8A0 /* Products */,
				68DBD6D9681512461A819715 /* Pods */,
				4F7F0DF550A72DB1CFAB0479 /* Frameworks */,
			);
			sourceTree = "<group>";
		};
		A2AAFA4B283410DA003CC8A0 /* Products */ = {
			isa = PBXGroup;
			children = (
				A2AAFA4A283410DA003CC8A0 /* login.app */,
				A2AAFA60283410DE003CC8A0 /* loginTests.xctest */,
				A2AAFA6A283410DE003CC8A0 /* loginUITests.xctest */,
			);
			name = Products;
			sourceTree = "<group>";
		};
		A2AAFA4C283410DA003CC8A0 /* login */ = {
			isa = PBXGroup;
			children = (
				A2AAFA4D283410DA003CC8A0 /* AppDelegate.swift */,
				A2AAFA4F283410DA003CC8A0 /* SceneDelegate.swift */,
				A2AAFA51283410DA003CC8A0 /* ViewController.swift */,
				A2AAFA53283410DA003CC8A0 /* Main.storyboard */,
				A2AAFA56283410DE003CC8A0 /* Assets.xcassets */,
				A2AAFA58283410DE003CC8A0 /* LaunchScreen.storyboard */,
				A2AAFA5B283410DE003CC8A0 /* Info.plist */,
			);
			path = login;
			sourceTree = "<group>";
		};
		A2AAFA63283410DE003CC8A0 /* loginTests */ = {
			isa = PBXGroup;
			children = (
				A2AAFA64283410DE003CC8A0 /* loginTests.swift */,
			);
			path = loginTests;
			sourceTree = "<group>";
		};
		A2AAFA6D283410DE003CC8A0 /* loginUITests */ = {
			isa = PBXGroup;
			children = (
				A2AAFA6E283410DE003CC8A0 /* loginUITests.swift */,
				A2AAFA70283410DE003CC8A0 /* loginUITestsLaunchTests.swift */,
			);
			path = loginUITests;
			sourceTree = "<group>";
		};
/* End PBXGroup section */

/* Begin PBXNativeTarget section */
		A2AAFA49283410DA003CC8A0 /* login */ = {
			isa = PBXNativeTarget;
			buildConfigurationList = A2AAFA74283410DE003CC8A0 /* Build configuration list for PBXNativeTarget "login" */;
			buildPhases = (
				7E4AAFFB96C4150DAE7BB55B /* [CP] Check Pods Manifest.lock */,
				A2AAFA46283410DA003CC8A0 /* Sources */,
				A2AAFA47283410DA003CC8A0 /* Frameworks */,
				A2AAFA48283410DA003CC8A0 /* Resources */,
				AC25F8BFC7AD4F43640F4CCD /* [CP] Embed Pods Frameworks */,
			);
			buildRules = (
			);
			dependencies = (
			);
			name = login;
			productName = login;
			productReference = A2AAFA4A283410DA003CC8A0 /* login.app */;
			productType = "com.apple.product-type.application";
		};
		A2AAFA5F283410DE003CC8A0 /* loginTests */ = {
			isa = PBXNativeTarget;
			buildConfigurationList = A2AAFA77283410DE003CC8A0 /* Build configuration list for PBXNativeTarget "loginTests" */;
			buildPhases = (
				B34CF26D662BCA1CD67DE5E6 /* [CP] Check Pods Manifest.lock */,
				A2AAFA5C283410DE003CC8A0 /* Sources */,
				A2AAFA5D283410DE003CC8A0 /* Frameworks */,
				A2AAFA5E283410DE003CC8A0 /* Resources */,
			);
			buildRules = (
			);
			dependencies = (
				A2AAFA62283410DE003CC8A0 /* PBXTargetDependency */,
			);
			name = loginTests;
			productName = loginTests;
			productReference = A2AAFA60283410DE003CC8A0 /* loginTests.xctest */;
			productType = "com.apple.product-type.bundle.unit-test";
		};
		A2AAFA69283410DE003CC8A0 /* loginUITests */ = {
			isa = PBXNativeTarget;
			buildConfigurationList = A2AAFA7A283410DE003CC8A0 /* Build configuration list for PBXNativeTarget "loginUITests" */;
			buildPhases = (
				0AB55145689C81071FBF1379 /* [CP] Check Pods Manifest.lock */,
				A2AAFA66283410DE003CC8A0 /* Sources */,
				A2AAFA67283410DE003CC8A0 /* Frameworks */,
				A2AAFA68283410DE003CC8A0 /* Resources */,
				C184B27C5447AA8A1960FCE7 /* [CP] Embed Pods Frameworks */,
			);
			buildRules = (
			);
			dependencies = (
				A2AAFA6C283410DE003CC8A0 /* PBXTargetDependency */,
			);
			name = loginUITests;
			productName = loginUITests;
			productReference = A2AAFA6A283410DE003CC8A0 /* loginUITests.xctest */;
			productType = "com.apple.product-type.bundle.ui-testing";
		};
/* End PBXNativeTarget section */

/* Begin PBXProject section */
		A2AAFA42283410DA003CC8A0 /* Project object */ = {
			isa = PBXProject;
			attributes = {
				BuildIndependentTargetsInParallel = 1;
				LastSwiftUpdateCheck = 1320;
				LastUpgradeCheck = 1320;
				TargetAttributes = {
					A2AAFA49283410DA003CC8A0 = {
						CreatedOnToolsVersion = 13.2.1;
					};
					A2AAFA5F283410DE003CC8A0 = {
						CreatedOnToolsVersion = 13.2.1;
						TestTargetID = A2AAFA49283410DA003CC8A0;
					};
					A2AAFA69283410DE003CC8A0 = {
						CreatedOnToolsVersion = 13.2.1;
						TestTargetID = A2AAFA49283410DA003CC8A0;
					};
				};
			};
			buildConfigurationList = A2AAFA45283410DA003CC8A0 /* Build configuration list for PBXProject "login" */;
			compatibilityVersion = "Xcode 13.0";
			developmentRegion = en;
			hasScannedForEncodings = 0;
			knownRegions = (
				en,
				Base,
			);
			mainGroup = A2AAFA41283410DA003CC8A0;
			productRefGroup = A2AAFA4B283410DA003CC8A0 /* Products */;
			projectDirPath = "";
			projectRoot = "";
			targets = (
				A2AAFA49283410DA003CC8A0 /* login */,
				A2AAFA5F283410DE003CC8A0 /* loginTests */,
				A2AAFA69283410DE003CC8A0 /* loginUITests */,
			);
		};
/* End PBXProject section */

/* Begin PBXResourcesBuildPhase section */
		A2AAFA48283410DA003CC8A0 /* Resources */ = {
			isa = PBXResourcesBuildPhase;
			buildActionMask = 2147483647;
			files = (
				A2AAFA5A283410DE003CC8A0 /* LaunchScreen.storyboard in Resources */,
				A2AAFA57283410DE003CC8A0 /* Assets.xcassets in Resources */,
				A2AAFA55283410DA003CC8A0 /* Main.storyboard in Resources */,
			);
			runOnlyForDeploymentPostprocessing = 0;
		};
		A2AAFA5E283410DE003CC8A0 /* Resources */ = {
			isa = PBXResourcesBuildPhase;
			buildActionMask = 2147483647;
			files = (
			);
			runOnlyForDeploymentPostprocessing = 0;
		};
		A2AAFA68283410DE003CC8A0 /* Resources */ = {
			isa = PBXResourcesBuildPhase;
			buildActionMask = 2147483647;
			files = (
			);
			runOnlyForDeploymentPostprocessing = 0;
		};
/* End PBXResourcesBuildPhase section */

/* Begin PBXShellScriptBuildPhase section */
		0AB55145689C81071FBF1379 /* [CP] Check Pods Manifest.lock */ = {
			isa = PBXShellScriptBuildPhase;
			buildActionMask = 2147483647;
			files = (
			);
			inputFileListPaths = (
			);
			inputPaths = (
				"${PODS_PODFILE_DIR_PATH}/Podfile.lock",
				"${PODS_ROOT}/Manifest.lock",
			);
			name = "[CP] Check Pods Manifest.lock";
			outputFileListPaths = (
			);
			outputPaths = (
				"$(DERIVED_FILE_DIR)/Pods-login-loginUITests-checkManifestLockResult.txt",
			);
			runOnlyForDeploymentPostprocessing = 0;
			shellPath = /bin/sh;
			shellScript = "diff \"${PODS_PODFILE_DIR_PATH}/Podfile.lock\" \"${PODS_ROOT}/Manifest.lock\" > /dev/null\nif [ $? != 0 ] ; then\n    # print error to STDERR\n    echo \"error: The sandbox is not in sync with the Podfile.lock. Run 'pod install' or update your CocoaPods installation.\" >&2\n    exit 1\nfi\n# This output is used by Xcode 'outputs' to avoid re-running this script phase.\necho \"SUCCESS\" > \"${SCRIPT_OUTPUT_FILE_0}\"\n";
			showEnvVarsInLog = 0;
		};
		7E4AAFFB96C4150DAE7BB55B /* [CP] Check Pods Manifest.lock */ = {
			isa = PBXShellScriptBuildPhase;
			buildActionMask = 2147483647;
			files = (
			);
			inputFileListPaths = (
			);
			inputPaths = (
				"${PODS_PODFILE_DIR_PATH}/Podfile.lock",
				"${PODS_ROOT}/Manifest.lock",
			);
			name = "[CP] Check Pods Manifest.lock";
			outputFileListPaths = (
			);
			outputPaths = (
				"$(DERIVED_FILE_DIR)/Pods-login-checkManifestLockResult.txt",
			);
			runOnlyForDeploymentPostprocessing = 0;
			shellPath = /bin/sh;
			shellScript = "diff \"${PODS_PODFILE_DIR_PATH}/Podfile.lock\" \"${PODS_ROOT}/Manifest.lock\" > /dev/null\nif [ $? != 0 ] ; then\n    # print error to STDERR\n    echo \"error: The sandbox is not in sync with the Podfile.lock. Run 'pod install' or update your CocoaPods installation.\" >&2\n    exit 1\nfi\n# This output is used by Xcode 'outputs' to avoid re-running this script phase.\necho \"SUCCESS\" > \"${SCRIPT_OUTPUT_FILE_0}\"\n";
			showEnvVarsInLog = 0;
		};
		AC25F8BFC7AD4F43640F4CCD /* [CP] Embed Pods Frameworks */ = {
			isa = PBXShellScriptBuildPhase;
			buildActionMask = 2147483647;
			files = (
			);
			inputFileListPaths = (
				"${PODS_ROOT}/Target Support Files/Pods-login/Pods-login-frameworks-${CONFIGURATION}-input-files.xcfilelist",
			);
			name = "[CP] Embed Pods Frameworks";
			outputFileListPaths = (
				"${PODS_ROOT}/Target Support Files/Pods-login/Pods-login-frameworks-${CONFIGURATION}-output-files.xcfilelist",
			);
			runOnlyForDeploymentPostprocessing = 0;
			shellPath = /bin/sh;
			shellScript = "\"${PODS_ROOT}/Target Support Files/Pods-login/Pods-login-frameworks.sh\"\n";
			showEnvVarsInLog = 0;
		};
		B34CF26D662BCA1CD67DE5E6 /* [CP] Check Pods Manifest.lock */ = {
			isa = PBXShellScriptBuildPhase;
			buildActionMask = 2147483647;
			files = (
			);
			inputFileListPaths = (
			);
			inputPaths = (
				"${PODS_PODFILE_DIR_PATH}/Podfile.lock",
				"${PODS_ROOT}/Manifest.lock",
			);
			name = "[CP] Check Pods Manifest.lock";
			outputFileListPaths = (
			);
			outputPaths = (
				"$(DERIVED_FILE_DIR)/Pods-loginTests-checkManifestLockResult.txt",
			);
			runOnlyForDeploymentPostprocessing = 0;
			shellPath = /bin/sh;
			shellScript = "diff \"${PODS_PODFILE_DIR_PATH}/Podfile.lock\" \"${PODS_ROOT}/Manifest.lock\" > /dev/null\nif [ $? != 0 ] ; then\n    # print error to STDERR\n    echo \"error: The sandbox is not in sync with the Podfile.lock. Run 'pod install' or update your CocoaPods installation.\" >&2\n    exit 1\nfi\n# This output is used by Xcode 'outputs' to avoid re-running this script phase.\necho \"SUCCESS\" > \"${SCRIPT_OUTPUT_FILE_0}\"\n";
			showEnvVarsInLog = 0;
		};
		C184B27C5447AA8A1960FCE7 /* [CP] Embed Pods Frameworks */ = {
			isa = PBXShellScriptBuildPhase;
			buildActionMask = 2147483647;
			files = (
			);
			inputFileListPaths = (
				"${PODS_ROOT}/Target Support Files/Pods-login-loginUITests/Pods-login-loginUITests-frameworks-${CONFIGURATION}-input-files.xcfilelist",
			);
			name = "[CP] Embed Pods Frameworks";
			outputFileListPaths = (
				"${PODS_ROOT}/Target Support Files/Pods-login-loginUITests/Pods-login-loginUITests-frameworks-${CONFIGURATION}-output-files.xcfilelist",
			);
			runOnlyForDeploymentPostprocessing = 0;
			shellPath = /bin/sh;
			shellScript = "\"${PODS_ROOT}/Target Support Files/Pods-login-loginUITests/Pods-login-loginUITests-frameworks.sh\"\n";
			showEnvVarsInLog = 0;
		};
/* End PBXShellScriptBuildPhase section */

/* Begin PBXSourcesBuildPhase section */
		A2AAFA46283410DA003CC8A0 /* Sources */ = {
			isa = PBXSourcesBuildPhase;
			buildActionMask = 2147483647;
			files = (
				A2AAFA52283410DA003CC8A0 /* ViewController.swift in Sources */,
				A2AAFA4E283410DA003CC8A0 /* AppDelegate.swift in Sources */,
				A2AAFA50283410DA003CC8A0 /* SceneDelegate.swift in Sources */,
			);
			runOnlyForDeploymentPostprocessing = 0;
		};
		A2AAFA5C283410DE003CC8A0 /* Sources */ = {
			isa = PBXSourcesBuildPhase;
			buildActionMask = 2147483647;
			files = (
				A2AAFA65283410DE003CC8A0 /* loginTests.swift in Sources */,
			);
			runOnlyForDeploymentPostprocessing = 0;
		};
		A2AAFA66283410DE003CC8A0 /* Sources */ = {
			isa = PBXSourcesBuildPhase;
			buildActionMask = 2147483647;
			files = (
				A2AAFA71283410DE003CC8A0 /* loginUITestsLaunchTests.swift in Sources */,
				A2AAFA6F283410DE003CC8A0 /* loginUITests.swift in Sources */,
			);
			runOnlyForDeploymentPostprocessing = 0;
		};
/* End PBXSourcesBuildPhase section */

/* Begin PBXTargetDependency section */
		A2AAFA62283410DE003CC8A0 /* PBXTargetDependency */ = {
			isa = PBXTargetDependency;
			target = A2AAFA49283410DA003CC8A0 /* login */;
			targetProxy = A2AAFA61283410DE003CC8A0 /* PBXContainerItemProxy */;
		};
		A2AAFA6C283410DE003CC8A0 /* PBXTargetDependency */ = {
			isa = PBXTargetDependency;
			target = A2AAFA49283410DA003CC8A0 /* login */;
			targetProxy = A2AAFA6B283410DE003CC8A0 /* PBXContainerItemProxy */;
		};
/* End PBXTargetDependency section */

/* Begin PBXVariantGroup section */
		A2AAFA53283410DA003CC8A0 /* Main.storyboard */ = {
			isa = PBXVariantGroup;
			children = (
				A2AAFA54283410DA003CC8A0 /* Base */,
			);
			name = Main.storyboard;
			sourceTree = "<group>";
		};
		A2AAFA58283410DE003CC8A0 /* LaunchScreen.storyboard */ = {
			isa = PBXVariantGroup;
			children = (
				A2AAFA59283410DE003CC8A0 /* Base */,
			);
			name = LaunchScreen.storyboard;
			sourceTree = "<group>";
		};
/* End PBXVariantGroup section */

/* Begin XCBuildConfiguration section */
		A2AAFA72283410DE003CC8A0 /* Debug */ = {
			isa = XCBuildConfiguration;
			buildSettings = {
				ALWAYS_SEARCH_USER_PATHS = NO;
				CLANG_ANALYZER_NONNULL = YES;
				CLANG_ANALYZER_NUMBER_OBJECT_CONVERSION = YES_AGGRESSIVE;
				CLANG_CXX_LANGUAGE_STANDARD = "gnu++17";
				CLANG_CXX_LIBRARY = "libc++";
				CLANG_ENABLE_MODULES = YES;
				CLANG_ENABLE_OBJC_ARC = YES;
				CLANG_ENABLE_OBJC_WEAK = YES;
				CLANG_WARN_BLOCK_CAPTURE_AUTORELEASING = YES;
				CLANG_WARN_BOOL_CONVERSION = YES;
				CLANG_WARN_COMMA = YES;
				CLANG_WARN_CONSTANT_CONVERSION = YES;
				CLANG_WARN_DEPRECATED_OBJC_IMPLEMENTATIONS = YES;
				CLANG_WARN_DIRECT_OBJC_ISA_USAGE = YES_ERROR;
				CLANG_WARN_DOCUMENTATION_COMMENTS = YES;
				CLANG_WARN_EMPTY_BODY = YES;
				CLANG_WARN_ENUM_CONVERSION = YES;
				CLANG_WARN_INFINITE_RECURSION = YES;
				CLANG_WARN_INT_CONVERSION = YES;
				CLANG_WARN_NON_LITERAL_NULL_CONVERSION = YES;
				CLANG_WARN_OBJC_IMPLICIT_RETAIN_SELF = YES;
				CLANG_WARN_OBJC_LITERAL_CONVERSION = YES;
				CLANG_WARN_OBJC_ROOT_CLASS = YES_ERROR;
				CLANG_WARN_QUOTED_INCLUDE_IN_FRAMEWORK_HEADER = YES;
				CLANG_WARN_RANGE_LOOP_ANALYSIS = YES;
				CLANG_WARN_STRICT_PROTOTYPES = YES;
				CLANG_WARN_SUSPICIOUS_MOVE = YES;
				CLANG_WARN_UNGUARDED_AVAILABILITY = YES_AGGRESSIVE;
				CLANG_WARN_UNREACHABLE_CODE = YES;
				CLANG_WARN__DUPLICATE_METHOD_MATCH = YES;
				COPY_PHASE_STRIP = NO;
				DEBUG_INFORMATION_FORMAT = dwarf;
				ENABLE_STRICT_OBJC_MSGSEND = YES;
				ENABLE_TESTABILITY = YES;
				GCC_C_LANGUAGE_STANDARD = gnu11;
				GCC_DYNAMIC_NO_PIC = NO;
				GCC_NO_COMMON_BLOCKS = YES;
				GCC_OPTIMIZATION_LEVEL = 0;
				GCC_PREPROCESSOR_DEFINITIONS = (
					"DEBUG=1",
					"$(inherited)",
				);
				GCC_WARN_64_TO_32_BIT_CONVERSION = YES;
				GCC_WARN_ABOUT_RETURN_TYPE = YES_ERROR;
				GCC_WARN_UNDECLARED_SELECTOR = YES;
				GCC_WARN_UNINITIALIZED_AUTOS = YES_AGGRESSIVE;
				GCC_WARN_UNUSED_FUNCTION = YES;
				GCC_WARN_UNUSED_VARIABLE = YES;
				IPHONEOS_DEPLOYMENT_TARGET = 15.2;
				MTL_ENABLE_DEBUG_INFO = INCLUDE_SOURCE;
				MTL_FAST_MATH = YES;
				ONLY_ACTIVE_ARCH = YES;
				SDKROOT = iphoneos;
				SWIFT_ACTIVE_COMPILATION_CONDITIONS = DEBUG;
				SWIFT_OPTIMIZATION_LEVEL = "-Onone";
			};
			name = Debug;
		};
		A2AAFA73283410DE003CC8A0 /* Release */ = {
			isa = XCBuildConfiguration;
			buildSettings = {
				ALWAYS_SEARCH_USER_PATHS = NO;
				CLANG_ANALYZER_NONNULL = YES;
				CLANG_ANALYZER_NUMBER_OBJECT_CONVERSION = YES_AGGRESSIVE;
				CLANG_CXX_LANGUAGE_STANDARD = "gnu++17";
				CLANG_CXX_LIBRARY = "libc++";
				CLANG_ENABLE_MODULES = YES;
				CLANG_ENABLE_OBJC_ARC = YES;
				CLANG_ENABLE_OBJC_WEAK = YES;
				CLANG_WARN_BLOCK_CAPTURE_AUTORELEASING = YES;
				CLANG_WARN_BOOL_CONVERSION = YES;
				CLANG_WARN_COMMA = YES;
				CLANG_WARN_CONSTANT_CONVERSION = YES;
				CLANG_WARN_DEPRECATED_OBJC_IMPLEMENTATIONS = YES;
				CLANG_WARN_DIRECT_OBJC_ISA_USAGE = YES_ERROR;
				CLANG_WARN_DOCUMENTATION_COMMENTS = YES;
				CLANG_WARN_EMPTY_BODY = YES;
				CLANG_WARN_ENUM_CONVERSION = YES;
				CLANG_WARN_INFINITE_RECURSION = YES;
				CLANG_WARN_INT_CONVERSION = YES;
				CLANG_WARN_NON_LITERAL_NULL_CONVERSION = YES;
				CLANG_WARN_OBJC_IMPLICIT_RETAIN_SELF = YES;
				CLANG_WARN_OBJC_LITERAL_CONVERSION = YES;
				CLANG_WARN_OBJC_ROOT_CLASS = YES_ERROR;
				CLANG_WARN_QUOTED_INCLUDE_IN_FRAMEWORK_HEADER = YES;
				CLANG_WARN_RANGE_LOOP_ANALYSIS = YES;
				CLANG_WARN_STRICT_PROTOTYPES = YES;
				CLANG_WARN_SUSPICIOUS_MOVE = YES;
				CLANG_WARN_UNGUARDED_AVAILABILITY = YES_AGGRESSIVE;
				CLANG_WARN_UNREACHABLE_CODE = YES;
				CLANG_WARN__DUPLICATE_METHOD_MATCH = YES;
				COPY_PHASE_STRIP = NO;
				DEBUG_INFORMATION_FORMAT = "dwarf-with-dsym";
				ENABLE_NS_ASSERTIONS = NO;
				ENABLE_STRICT_OBJC_MSGSEND = YES;
				GCC_C_LANGUAGE_STANDARD = gnu11;
				GCC_NO_COMMON_BLOCKS = YES;
				GCC_WARN_64_TO_32_BIT_CONVERSION = YES;
				GCC_WARN_ABOUT_RETURN_TYPE = YES_ERROR;
				GCC_WARN_UNDECLARED_SELECTOR = YES;
				GCC_WARN_UNINITIALIZED_AUTOS = YES_AGGRESSIVE;
				GCC_WARN_UNUSED_FUNCTION = YES;
				GCC_WARN_UNUSED_VARIABLE = YES;
				IPHONEOS_DEPLOYMENT_TARGET = 15.2;
				MTL_ENABLE_DEBUG_INFO = NO;
				MTL_FAST_MATH = YES;
				SDKROOT = iphoneos;
				SWIFT_COMPILATION_MODE = wholemodule;
				SWIFT_OPTIMIZATION_LEVEL = "-O";
				VALIDATE_PRODUCT = YES;
			};
			name = Release;
		};
		A2AAFA75283410DE003CC8A0 /* Debug */ = {
			isa = XCBuildConfiguration;
			baseConfigurationReference = D54BD31A5547BE336CE7B37D /* Pods-login.debug.xcconfig */;
			buildSettings = {
				ASSETCATALOG_COMPILER_APPICON_NAME = AppIcon;
				ASSETCATALOG_COMPILER_GLOBAL_ACCENT_COLOR_NAME = AccentColor;
				CODE_SIGN_STYLE = Automatic;
				CURRENT_PROJECT_VERSION = 1;
				GENERATE_INFOPLIST_FILE = YES;
				INFOPLIST_FILE = login/Info.plist;
				INFOPLIST_KEY_UIApplicationSupportsIndirectInputEvents = YES;
				INFOPLIST_KEY_UILaunchStoryboardName = LaunchScreen;
				INFOPLIST_KEY_UIMainStoryboardFile = Main;
				INFOPLIST_KEY_UISupportedInterfaceOrientations_iPad = "UIInterfaceOrientationPortrait UIInterfaceOrientationPortraitUpsideDown UIInterfaceOrientationLandscapeLeft UIInterfaceOrientationLandscapeRight";
				INFOPLIST_KEY_UISupportedInterfaceOrientations_iPhone = "UIInterfaceOrientationPortrait UIInterfaceOrientationLandscapeLeft UIInterfaceOrientationLandscapeRight";
				LD_RUNPATH_SEARCH_PATHS = (
					"$(inherited)",
					"@executable_path/Frameworks",
				);
				MARKETING_VERSION = 1.0;
				PRODUCT_BUNDLE_IDENTIFIER = com.sih415dev.login;
				PRODUCT_NAME = "$(TARGET_NAME)";
				SWIFT_EMIT_LOC_STRINGS = YES;
				SWIFT_VERSION = 5.0;
				TARGETED_DEVICE_FAMILY = "1,2";
			};
			name = Debug;
		};
		A2AAFA76283410DE003CC8A0 /* Release */ = {
			isa = XCBuildConfiguration;
			baseConfigurationReference = 1CB87BBC04FEC1D0BFA332C9 /* Pods-login.release.xcconfig */;
			buildSettings = {
				ASSETCATALOG_COMPILER_APPICON_NAME = AppIcon;
				ASSETCATALOG_COMPILER_GLOBAL_ACCENT_COLOR_NAME = AccentColor;
				CODE_SIGN_STYLE = Automatic;
				CURRENT_PROJECT_VERSION = 1;
				GENERATE_INFOPLIST_FILE = YES;
				INFOPLIST_FILE = login/Info.plist;
				INFOPLIST_KEY_UIApplicationSupportsIndirectInputEvents = YES;
				INFOPLIST_KEY_UILaunchStoryboardName = LaunchScreen;
				INFOPLIST_KEY_UIMainStoryboardFile = Main;
				INFOPLIST_KEY_UISupportedInterfaceOrientations_iPad = "UIInterfaceOrientationPortrait UIInterfaceOrientationPortraitUpsideDown UIInterfaceOrientationLandscapeLeft UIInterfaceOrientationLandscapeRight";
				INFOPLIST_KEY_UISupportedInterfaceOrientations_iPhone = "UIInterfaceOrientationPortrait UIInterfaceOrientationLandscapeLeft UIInterfaceOrientationLandscapeRight";
				LD_RUNPATH_SEARCH_PATHS = (
					"$(inherited)",
					"@executable_path/Frameworks",
				);
				MARKETING_VERSION = 1.0;
				PRODUCT_BUNDLE_IDENTIFIER = com.sih415dev.login;
				PRODUCT_NAME = "$(TARGET_NAME)";
				SWIFT_EMIT_LOC_STRINGS = YES;
				SWIFT_VERSION = 5.0;
				TARGETED_DEVICE_FAMILY = "1,2";
			};
			name = Release;
		};
		A2AAFA78283410DE003CC8A0 /* Debug */ = {
			isa = XCBuildConfiguration;
			baseConfigurationReference = FF1F4951EB8843B0E65C5367 /* Pods-loginTests.debug.xcconfig */;
			buildSettings = {
				ALWAYS_EMBED_SWIFT_STANDARD_LIBRARIES = YES;
				BUNDLE_LOADER = "$(TEST_HOST)";
				CODE_SIGN_STYLE = Automatic;
				CURRENT_PROJECT_VERSION = 1;
				GENERATE_INFOPLIST_FILE = YES;
				IPHONEOS_DEPLOYMENT_TARGET = 15.2;
				MARKETING_VERSION = 1.0;
				PRODUCT_BUNDLE_IDENTIFIER = com.sih415dev.loginTests;
				PRODUCT_NAME = "$(TARGET_NAME)";
				SWIFT_EMIT_LOC_STRINGS = NO;
				SWIFT_VERSION = 5.0;
				TARGETED_DEVICE_FAMILY = "1,2";
				TEST_HOST = "$(BUILT_PRODUCTS_DIR)/login.app/login";
			};
			name = Debug;
		};
		A2AAFA79283410DE003CC8A0 /* Release */ = {
			isa = XCBuildConfiguration;
			baseConfigurationReference = 05D32AF8A8DBF5C943DBF3A1 /* Pods-loginTests.release.xcconfig */;
			buildSettings = {
				ALWAYS_EMBED_SWIFT_STANDARD_LIBRARIES = YES;
				BUNDLE_LOADER = "$(TEST_HOST)";
				CODE_SIGN_STYLE = Automatic;
				CURRENT_PROJECT_VERSION = 1;
				GENERATE_INFOPLIST_FILE = YES;
				IPHONEOS_DEPLOYMENT_TARGET = 15.2;
				MARKETING_VERSION = 1.0;
				PRODUCT_BUNDLE_IDENTIFIER = com.sih415dev.loginTests;
				PRODUCT_NAME = "$(TARGET_NAME)";
				SWIFT_EMIT_LOC_STRINGS = NO;
				SWIFT_VERSION = 5.0;
				TARGETED_DEVICE_FAMILY = "1,2";
				TEST_HOST = "$(BUILT_PRODUCTS_DIR)/login.app/login";
			};
			name = Release;
		};
		A2AAFA7B283410DE003CC8A0 /* Debug */ = {
			isa = XCBuildConfiguration;
			baseConfigurationReference = 44A04246F2F888BE4C64B0F5 /* Pods-login-loginUITests.debug.xcconfig */;
			buildSettings = {
				ALWAYS_EMBED_SWIFT_STANDARD_LIBRARIES = YES;
				CODE_SIGN_STYLE = Automatic;
				CURRENT_PROJECT_VERSION = 1;
				GENERATE_INFOPLIST_FILE = YES;
				MARKETING_VERSION = 1.0;
				PRODUCT_BUNDLE_IDENTIFIER = com.sih415dev.loginUITests;
				PRODUCT_NAME = "$(TARGET_NAME)";
				SWIFT_EMIT_LOC_STRINGS = NO;
				SWIFT_VERSION = 5.0;
				TARGETED_DEVICE_FAMILY = "1,2";
				TEST_TARGET_NAME = login;
			};
			name = Debug;
		};
		A2AAFA7C283410DE003CC8A0 /* Release */ = {
			isa = XCBuildConfiguration;
			baseConfigurationReference = 6DFDD8ADA7CAA015B3A6F374 /* Pods-login-loginUITests.release.xcconfig */;
			buildSettings = {
				ALWAYS_EMBED_SWIFT_STANDARD_LIBRARIES = YES;
				CODE_SIGN_STYLE = Automatic;
				CURRENT_PROJECT_VERSION = 1;
				GENERATE_INFOPLIST_FILE = YES;
				MARKETING_VERSION = 1.0;
				PRODUCT_BUNDLE_IDENTIFIER = com.sih415dev.loginUITests;
				PRODUCT_NAME = "$(TARGET_NAME)";
				SWIFT_EMIT_LOC_STRINGS = NO;
				SWIFT_VERSION = 5.0;
				TARGETED_DEVICE_FAMILY = "1,2";
				TEST_TARGET_NAME = login;
			};
			name = Release;
		};
/* End XCBuildConfiguration section */

/* Begin XCConfigurationList section */
		A2AAFA45283410DA003CC8A0 /* Build configuration list for PBXProject "login" */ = {
			isa = XCConfigurationList;
			buildConfigurations = (
				A2AAFA72283410DE003CC8A0 /* Debug */,
				A2AAFA73283410DE003CC8A0 /* Release */,
			);
			defaultConfigurationIsVisible = 0;
			defaultConfigurationName = Release;
		};
		A2AAFA74283410DE003CC8A0 /* Build configuration list for PBXNativeTarget "login" */ = {
			isa = XCConfigurationList;
			buildConfigurations = (
				A2AAFA75283410DE003CC8A0 /* Debug */,
				A2AAFA76283410DE003CC8A0 /* Release */,
			);
			defaultConfigurationIsVisible = 0;
			defaultConfigurationName = Release;
		};
		A2AAFA77283410DE003CC8A0 /* Build configuration list for PBXNativeTarget "loginTests" */ = {
			isa = XCConfigurationList;
			buildConfigurations = (
				A2AAFA78283410DE003CC8A0 /* Debug */,
				A2AAFA79283410DE003CC8A0 /* Release */,
			);
			defaultConfigurationIsVisible = 0;
			defaultConfigurationName = Release;
		};
		A2AAFA7A283410DE003CC8A0 /* Build configuration list for PBXNativeTarget "loginUITests" */ = {
			isa = XCConfigurationList;
			buildConfigurations = (
				A2AAFA7B283410DE003CC8A0 /* Debug */,
				A2AAFA7C283410DE003CC8A0 /* Release */,
			);
			defaultConfigurationIsVisible = 0;
			defaultConfigurationName = Release;
		};
/* End XCConfigurationList section */
	};
	rootObject = A2AAFA42283410DA003CC8A0 /* Project object */;
}
